
Microsoft Visual Studio Solution File, Format Version 12.00
# Visual Studio Version 17
VisualStudioVersion = 17.6.33723.286
MinimumVisualStudioVersion = 10.0.40219.1
Project("{FAE04EC0-301F-11D3-BF4B-00C04F79EFBC}") = "TelnetTS", "TelnetTS\TelnetTS.csproj", "{99EC9806-F7DB-42BE-B788-52C5221A10CC}"
EndProject
Global
	GlobalSection(SolutionConfigurationPlatforms) = preSolution
		Debug|Any CPU = Debug|Any CPU
		Release|Any CPU = Release|Any CPU
	EndGlobalSection
	GlobalSection(ProjectConfigurationPlatforms) = postSolution
		{99EC9806-F7DB-42BE-B788-52C5221A10CC}.Debug|Any CPU.ActiveCfg = Debug|Any CPU
		{99EC9806-F7DB-42BE-B788-52C5221A10CC}.Debug|Any CPU.Build.0 = Debug|Any CPU
		{99EC9806-F7DB-42BE-B788-52C5221A10CC}.Release|Any CPU.ActiveCfg = Release|Any CPU
		{99EC9806-F7DB-42BE-B788-52C5221A10CC}.Release|Any CPU.Build.0 = Release|Any CPU
	EndGlobalSection
	GlobalSection(SolutionProperties) = preSolution
		HideSolutionNode = FALSE
	EndGlobalSection
	GlobalSection(ExtensibilityGlobals) = postSolution
		SolutionGuid = {C3A30126-7D95-44B4-9423-76119D6864C7}
	EndGlobalSection
EndGlobal
